
Microsoft Visual Studio Solution File, Format Version 12.00
# Visual Studio Version 17
VisualStudioVersion = 17.1.32210.238
MinimumVisualStudioVersion = 10.0.40219.1
Project("{FAE04EC0-301F-11D3-BF4B-00C04F79EFBC}") = "FileEncoding", "FileEncoding.csproj", "{8CB15BEB-6574-4EA4-B40F-2CCE61A576E0}"
EndProject
Project("{FAE04EC0-301F-11D3-BF4B-00C04F79EFBC}") = "FileEncodingV17", "v17\FileEncodingV17.csproj", "{08F8C2B0-1542-4C4D-8D9F-7AFA7B5E6620}"
EndProject
Global
	GlobalSection(SolutionConfigurationPlatforms) = preSolution
		Debug|Any CPU = Debug|Any CPU
		Debug|x64 = Debug|x64
		Debug|x86 = Debug|x86
		Release|Any CPU = Release|Any CPU
		Release|x64 = Release|x64
		Release|x86 = Release|x86
		Description = FileEncoding
	EndGlobalSection
	GlobalSection(ProjectConfigurationPlatforms) = postSolution
		{8CB15BEB-6574-4EA4-B40F-2CCE61A576E0}.Debug|Any CPU.ActiveCfg = Debug|Any CPU
		{8CB15BEB-6574-4EA4-B40F-2CCE61A576E0}.Debug|Any CPU.Build.0 = Debug|Any CPU
		{8CB15BEB-6574-4EA4-B40F-2CCE61A576E0}.Debug|x64.ActiveCfg = Debug|Any CPU
		{8CB15BEB-6574-4EA4-B40F-2CCE61A576E0}.Debug|x86.ActiveCfg = Debug|Any CPU
		{8CB15BEB-6574-4EA4-B40F-2CCE61A576E0}.Release|Any CPU.ActiveCfg = Release|Any CPU
		{8CB15BEB-6574-4EA4-B40F-2CCE61A576E0}.Release|Any CPU.Build.0 = Release|Any CPU
		{8CB15BEB-6574-4EA4-B40F-2CCE61A576E0}.Release|x64.ActiveCfg = Release|Any CPU
		{8CB15BEB-6574-4EA4-B40F-2CCE61A576E0}.Release|x86.ActiveCfg = Release|Any CPU
		{08F8C2B0-1542-4C4D-8D9F-7AFA7B5E6620}.Debug|Any CPU.ActiveCfg = Debug|Any CPU
		{08F8C2B0-1542-4C4D-8D9F-7AFA7B5E6620}.Debug|Any CPU.Build.0 = Debug|Any CPU
		{08F8C2B0-1542-4C4D-8D9F-7AFA7B5E6620}.Debug|x64.ActiveCfg = Debug|Any CPU
		{08F8C2B0-1542-4C4D-8D9F-7AFA7B5E6620}.Debug|x64.Build.0 = Debug|Any CPU
		{08F8C2B0-1542-4C4D-8D9F-7AFA7B5E6620}.Debug|x86.ActiveCfg = Debug|Any CPU
		{08F8C2B0-1542-4C4D-8D9F-7AFA7B5E6620}.Release|Any CPU.ActiveCfg = Release|Any CPU
		{08F8C2B0-1542-4C4D-8D9F-7AFA7B5E6620}.Release|Any CPU.Build.0 = Release|Any CPU
		{08F8C2B0-1542-4C4D-8D9F-7AFA7B5E6620}.Release|x64.ActiveCfg = Release|Any CPU
		{08F8C2B0-1542-4C4D-8D9F-7AFA7B5E6620}.Release|x64.Build.0 = Release|Any CPU
		{08F8C2B0-1542-4C4D-8D9F-7AFA7B5E6620}.Release|x86.ActiveCfg = Release|Any CPU
	EndGlobalSection
	GlobalSection(SolutionProperties) = preSolution
		HideSolutionNode = FALSE
	EndGlobalSection
	GlobalSection(ExtensibilityGlobals) = postSolution
		SolutionGuid = {37F2F5A4-2236-4CDF-BD47-44D93C26526C}
	EndGlobalSection
EndGlobal
